
Microsoft Visual Studio Solution File, Format Version 12.00
# Visual Studio 14
VisualStudioVersion = 14.0.25420.1
MinimumVisualStudioVersion = 10.0.40219.1
Project("{FAE04EC0-301F-11D3-BF4B-00C04F79EFBC}") = "ConsoleApp", "ConsoleApp\ConsoleApp\ConsoleApp.csproj", "{D8FEF3E2-17F8-42D0-BC2E-F1CFD12B951A}"
EndProject
Project("{FAE04EC0-301F-11D3-BF4B-00C04F79EFBC}") = "CalcLibrary", "CalcLibrary\CalcLibrary.csproj", "{702F2524-A041-46E8-A64A-D7430471DED4}"
EndProject
Project("{FAE04EC0-301F-11D3-BF4B-00C04F79EFBC}") = "UnitTestCalcLibrary", "UnitTestCalcLibrary\UnitTestCalcLibrary.csproj", "{192B331C-427C-4542-8A4B-88EE4285F1A0}"
EndProject
Project("{FAE04EC0-301F-11D3-BF4B-00C04F79EFBC}") = "WinFormsCalculator", "WinFormsCalculator\WinFormsCalculator.csproj", "{5E2B1CE5-4C06-42DF-9FEB-1D163A02BCE9}"
EndProject
Project("{FAE04EC0-301F-11D3-BF4B-00C04F79EFBC}") = "DBModel", "DBModel\DBModel.csproj", "{E7BC6E70-A892-4669-8077-AD5D0986E425}"
EndProject
Project("{FAE04EC0-301F-11D3-BF4B-00C04F79EFBC}") = "WebCalc", "WebCalc\WebCalc.csproj", "{1197B4A0-A647-4BEE-8929-5F0D195F3384}"
EndProject
Global
	GlobalSection(SolutionConfigurationPlatforms) = preSolution
		Debug|Any CPU = Debug|Any CPU
		Release|Any CPU = Release|Any CPU
	EndGlobalSection
	GlobalSection(ProjectConfigurationPlatforms) = postSolution
		{D8FEF3E2-17F8-42D0-BC2E-F1CFD12B951A}.Debug|Any CPU.ActiveCfg = Debug|Any CPU
		{D8FEF3E2-17F8-42D0-BC2E-F1CFD12B951A}.Debug|Any CPU.Build.0 = Debug|Any CPU
		{D8FEF3E2-17F8-42D0-BC2E-F1CFD12B951A}.Release|Any CPU.ActiveCfg = Release|Any CPU
		{D8FEF3E2-17F8-42D0-BC2E-F1CFD12B951A}.Release|Any CPU.Build.0 = Release|Any CPU
		{702F2524-A041-46E8-A64A-D7430471DED4}.Debug|Any CPU.ActiveCfg = Debug|Any CPU
		{702F2524-A041-46E8-A64A-D7430471DED4}.Debug|Any CPU.Build.0 = Debug|Any CPU
		{702F2524-A041-46E8-A64A-D7430471DED4}.Release|Any CPU.ActiveCfg = Release|Any CPU
		{702F2524-A041-46E8-A64A-D7430471DED4}.Release|Any CPU.Build.0 = Release|Any CPU
		{192B331C-427C-4542-8A4B-88EE4285F1A0}.Debug|Any CPU.ActiveCfg = Debug|Any CPU
		{192B331C-427C-4542-8A4B-88EE4285F1A0}.Debug|Any CPU.Build.0 = Debug|Any CPU
		{192B331C-427C-4542-8A4B-88EE4285F1A0}.Release|Any CPU.ActiveCfg = Release|Any CPU
		{192B331C-427C-4542-8A4B-88EE4285F1A0}.Release|Any CPU.Build.0 = Release|Any CPU
		{5E2B1CE5-4C06-42DF-9FEB-1D163A02BCE9}.Debug|Any CPU.ActiveCfg = Debug|Any CPU
		{5E2B1CE5-4C06-42DF-9FEB-1D163A02BCE9}.Debug|Any CPU.Build.0 = Debug|Any CPU
		{5E2B1CE5-4C06-42DF-9FEB-1D163A02BCE9}.Release|Any CPU.ActiveCfg = Release|Any CPU
		{5E2B1CE5-4C06-42DF-9FEB-1D163A02BCE9}.Release|Any CPU.Build.0 = Release|Any CPU
		{E7BC6E70-A892-4669-8077-AD5D0986E425}.Debug|Any CPU.ActiveCfg = Debug|Any CPU
		{E7BC6E70-A892-4669-8077-AD5D0986E425}.Debug|Any CPU.Build.0 = Debug|Any CPU
		{E7BC6E70-A892-4669-8077-AD5D0986E425}.Release|Any CPU.ActiveCfg = Release|Any CPU
		{E7BC6E70-A892-4669-8077-AD5D0986E425}.Release|Any CPU.Build.0 = Release|Any CPU
		{1197B4A0-A647-4BEE-8929-5F0D195F3384}.Debug|Any CPU.ActiveCfg = Debug|Any CPU
		{1197B4A0-A647-4BEE-8929-5F0D195F3384}.Debug|Any CPU.Build.0 = Debug|Any CPU
		{1197B4A0-A647-4BEE-8929-5F0D195F3384}.Release|Any CPU.ActiveCfg = Release|Any CPU
		{1197B4A0-A647-4BEE-8929-5F0D195F3384}.Release|Any CPU.Build.0 = Release|Any CPU
	EndGlobalSection
	GlobalSection(SolutionProperties) = preSolution
		HideSolutionNode = FALSE
	EndGlobalSection
EndGlobal
